
Microsoft Visual Studio Solution File, Format Version 12.00
# Visual Studio Version 17
VisualStudioVersion = 17.8.34330.188
MinimumVisualStudioVersion = 10.0.40219.1
Project("{888888A0-9F3D-457C-B088-3A5042F75D52}") = "16", "16\16.pyproj", "{6B58E9B1-6CAA-429E-933A-5A944AF91E65}"
EndProject
Global
	GlobalSection(SolutionConfigurationPlatforms) = preSolution
		Debug|Any CPU = Debug|Any CPU
		Release|Any CPU = Release|Any CPU
	EndGlobalSection
	GlobalSection(ProjectConfigurationPlatforms) = postSolution
		{6B58E9B1-6CAA-429E-933A-5A944AF91E65}.Debug|Any CPU.ActiveCfg = Debug|Any CPU
		{6B58E9B1-6CAA-429E-933A-5A944AF91E65}.Release|Any CPU.ActiveCfg = Release|Any CPU
	EndGlobalSection
	GlobalSection(SolutionProperties) = preSolution
		HideSolutionNode = FALSE
	EndGlobalSection
	GlobalSection(ExtensibilityGlobals) = postSolution
		SolutionGuid = {B84E7781-14FC-4932-9CEB-2E9094C958ED}
	EndGlobalSection
EndGlobal
