
Microsoft Visual Studio Solution File, Format Version 12.00
# Visual Studio Version 17
VisualStudioVersion = 17.8.34330.188
MinimumVisualStudioVersion = 10.0.40219.1
Project("{888888A0-9F3D-457C-B088-3A5042F75D52}") = "13", "13\13.pyproj", "{8F925D00-8C4B-44D7-BFC8-EF87075B7385}"
EndProject
Global
	GlobalSection(SolutionConfigurationPlatforms) = preSolution
		Debug|Any CPU = Debug|Any CPU
		Release|Any CPU = Release|Any CPU
	EndGlobalSection
	GlobalSection(ProjectConfigurationPlatforms) = postSolution
		{8F925D00-8C4B-44D7-BFC8-EF87075B7385}.Debug|Any CPU.ActiveCfg = Debug|Any CPU
		{8F925D00-8C4B-44D7-BFC8-EF87075B7385}.Release|Any CPU.ActiveCfg = Release|Any CPU
	EndGlobalSection
	GlobalSection(SolutionProperties) = preSolution
		HideSolutionNode = FALSE
	EndGlobalSection
	GlobalSection(ExtensibilityGlobals) = postSolution
		SolutionGuid = {36E47AE6-3592-4D6E-88B9-CCDBED8532CC}
	EndGlobalSection
EndGlobal
