
Microsoft Visual Studio Solution File, Format Version 12.00
# Visual Studio Version 17
VisualStudioVersion = 17.8.34330.188
MinimumVisualStudioVersion = 10.0.40219.1
Project("{888888A0-9F3D-457C-B088-3A5042F75D52}") = "14", "14\14.pyproj", "{F1D2E4C7-248A-4F14-A691-2258FD47EF6E}"
EndProject
Global
	GlobalSection(SolutionConfigurationPlatforms) = preSolution
		Debug|Any CPU = Debug|Any CPU
		Release|Any CPU = Release|Any CPU
	EndGlobalSection
	GlobalSection(ProjectConfigurationPlatforms) = postSolution
		{F1D2E4C7-248A-4F14-A691-2258FD47EF6E}.Debug|Any CPU.ActiveCfg = Debug|Any CPU
		{F1D2E4C7-248A-4F14-A691-2258FD47EF6E}.Release|Any CPU.ActiveCfg = Release|Any CPU
	EndGlobalSection
	GlobalSection(SolutionProperties) = preSolution
		HideSolutionNode = FALSE
	EndGlobalSection
	GlobalSection(ExtensibilityGlobals) = postSolution
		SolutionGuid = {D22427AB-5B52-448B-97F7-1CB1B585E7EE}
	EndGlobalSection
EndGlobal
